PODS:
  - AFNetworking (3.1.0):
    - AFNetworking/NSURLSession (= 3.1.0)
    - AFNetworking/Reachability (= 3.1.0)
    - AFNetworking/Security (= 3.1.0)
    - AFNetworking/Serialization (= 3.1.0)
    - AFNetworking/UIKit (= 3.1.0)
  - AFNetworking/NSURLSession (3.1.0):
    - AFNetworking/Reachability
    - AFNetworking/Security
    - AFNetworking/Serialization
  - AFNetworking/Reachability (3.1.0)
  - AFNetworking/Security (3.1.0)
  - AFNetworking/Serialization (3.1.0)
  - AFNetworking/UIKit (3.1.0):
    - AFNetworking/NSURLSession
  - CocoaLumberjack (2.3.0):
    - CocoaLumberjack/Default (= 2.3.0)
    - CocoaLumberjack/Extensions (= 2.3.0)
  - CocoaLumberjack/Core (2.3.0)
  - CocoaLumberjack/Default (2.3.0):
    - CocoaLumberjack/Core
  - CocoaLumberjack/Extensions (2.3.0):
    - CocoaLumberjack/Default
  - FDFullscreenPopGesture (1.1)
  - IFTTTLaunchImage (0.4.4)
  - JMActionSheetDescription (0.4.9)
  - MGSwipeTableCell (1.5.5)
  - MJPopupViewController (0.4)
  - Reachability (3.2)
  - Routable (0.1.1)
  - SVProgressHUD (2.0.3)
  - YYCache (1.0.3)
  - YYImage (1.0.2):
    - YYImage/Core (= 1.0.2)
  - YYImage/Core (1.0.2)
  - YYModel (1.0.3)
  - YYWebImage (1.0.3):
    - YYCache
    - YYImage

DEPENDENCIES:
  - AFNetworking (~> 3.0)
  - CocoaLumberjack
  - FDFullscreenPopGesture (= 1.1)
  - IFTTTLaunchImage
  - JMActionSheetDescription
  - MGSwipeTableCell
  - MJPopupViewController
  - Reachability
  - Routable (~> 0.1.1)
  - SVProgressHUD
  - YYModel
  - YYWebImage

SPEC CHECKSUMS:
  AFNetworking: 5e0e199f73d8626b11e79750991f5d173d1f8b67
  CocoaLumberjack: 97fab7ee5f507fe54445cca7ea80f926729cfd15
  FDFullscreenPopGesture: a8a620179e3d9c40e8e00256dcee1c1a27c6d0f0
  IFTTTLaunchImage: ab84d453e2c51b3c2aa83daad99cf45f27688c96
  JMActionSheetDescription: 99ba8ee6b88c98ecb95d2c18efb3e9e61c002656
  MGSwipeTableCell: bafeb5f351124544c9364ecbdf24c7b06a37d340
  MJPopupViewController: e9ad553a3145eb8126ba2748e872ae7fb25cc605
  Reachability: 33e18b67625424e47b6cde6d202dce689ad7af96
  Routable: 42731c7757b9b7ad32dd84d988b3d5428b966dfd
  SVProgressHUD: b0830714205bea1317ea1a2ebc71e5633af334d4
  YYCache: 282f35b5b0990833d0b7a06d864a87141a021da2
  YYImage: 2cc79ed49b9549b71c6715cefe7b0f5ab3d33abf
  YYModel: 63142c2f07c5c8c9d1c261689cf3827ea6ab2886
  YYWebImage: 8da75a611fd0d2e0f58a273f9ca0bc731614cb0d

PODFILE CHECKSUM: 3c79983ebf2c306fdcb208f98d913e0bae94f95c

COCOAPODS: 1.0.1
